// !$*UTF8*$!
{
	archiveVersion = 1;
	classes = {
	};
	objectVersion = 50;
	objects = {

/* Begin PBXBuildFile section */
		465E098D226778B000A7245F /* AppDelegate.swift in Sources */ = {isa = PBXBuildFile; fileRef = 465E098C226778B000A7245F /* AppDelegate.swift */; };
		465E098F226778B000A7245F /* ViewController.swift in Sources */ = {isa = PBXBuildFile; fileRef = 465E098E226778B000A7245F /* ViewController.swift */; };
		465E0992226778B000A7245F /* Main.storyboard in Resources */ = {isa = PBXBuildFile; fileRef = 465E0990226778B000A7245F /* Main.storyboard */; };
		465E0994226778B200A7245F /* Assets.xcassets in Resources */ = {isa = PBXBuildFile; fileRef = 465E0993226778B200A7245F /* Assets.xcassets */; };
		465E0997226778B200A7245F /* LaunchScreen.storyboard in Resources */ = {isa = PBXBuildFile; fileRef = 465E0995226778B200A7245F /* LaunchScreen.storyboard */; };
		465E09A2226778B200A7245F /* GameTests.swift in Sources */ = {isa = PBXBuildFile; fileRef = 465E09A1226778B200A7245F /* GameTests.swift */; };
		465E09AD22677A4F00A7245F /* Frame.swift in Sources */ = {isa = PBXBuildFile; fileRef = 465E09AC22677A4F00A7245F /* Frame.swift */; };
		465E09AF22677A7700A7245F /* Game.swift in Sources */ = {isa = PBXBuildFile; fileRef = 465E09AE22677A7700A7245F /* Game.swift */; };
		465E09B122677C8100A7245F /* FrameTests.swift in Sources */ = {isa = PBXBuildFile; fileRef = 465E09B022677C8100A7245F /* FrameTests.swift */; };
		465E09B322678AB200A7245F /* Scorer.swift in Sources */ = {isa = PBXBuildFile; fileRef = 465E09B222678AB200A7245F /* Scorer.swift */; };
		465E09B5226790EB00A7245F /* ScorerTests.swift in Sources */ = {isa = PBXBuildFile; fileRef = 465E09B4226790EB00A7245F /* ScorerTests.swift */; };
		46E70EBB226E1514006A8877 /* IntegrationTests.swift in Sources */ = {isa = PBXBuildFile; fileRef = 46E70EBA226E1514006A8877 /* IntegrationTests.swift */; };
		46E70EBD226E21A5006A8877 /* Math.swift in Sources */ = {isa = PBXBuildFile; fileRef = 46E70EBC226E21A5006A8877 /* Math.swift */; };
/* End PBXBuildFile section */

/* Begin PBXContainerItemProxy section */
		465E099E226778B200A7245F /* PBXContainerItemProxy */ = {
			isa = PBXContainerItemProxy;
			containerPortal = 465E0981226778B000A7245F /* Project object */;
			proxyType = 1;
			remoteGlobalIDString = 465E0988226778B000A7245F;
			remoteInfo = Bowlingure;
		};
/* End PBXContainerItemProxy section */

/* Begin PBXFileReference section */
		465E0989226778B000A7245F /* Bowlingure.app */ = {isa = PBXFileReference; explicitFileType = wrapper.application; includeInIndex = 0; path = Bowlingure.app; sourceTree = BUILT_PRODUCTS_DIR; };
		465E098C226778B000A7245F /* AppDelegate.swift */ = {isa = PBXFileReference; lastKnownFileType = sourcecode.swift; path = AppDelegate.swift; sourceTree = "<group>"; };
		465E098E226778B000A7245F /* ViewController.swift */ = {isa = PBXFileReference; lastKnownFileType = sourcecode.swift; path = ViewController.swift; sourceTree = "<group>"; };
		465E0991226778B000A7245F /* Base */ = {isa = PBXFileReference; lastKnownFileType = file.storyboard; name = Base; path = Base.lproj/Main.storyboard; sourceTree = "<group>"; };
		465E0993226778B200A7245F /* Assets.xcassets */ = {isa = PBXFileReference; lastKnownFileType = folder.assetcatalog; path = Assets.xcassets; sourceTree = "<group>"; };
		465E0996226778B200A7245F /* Base */ = {isa = PBXFileReference; lastKnownFileType = file.storyboard; name = Base; path = Base.lproj/LaunchScreen.storyboard; sourceTree = "<group>"; };
		465E0998226778B200A7245F /* Info.plist */ = {isa = PBXFileReference; lastKnownFileType = text.plist.xml; path = Info.plist; sourceTree = "<group>"; };
		465E099D226778B200A7245F /* BowlingureTests.xctest */ = {isa = PBXFileReference; explicitFileType = wrapper.cfbundle; includeInIndex = 0; path = BowlingureTests.xctest; sourceTree = BUILT_PRODUCTS_DIR; };
		465E09A1226778B200A7245F /* GameTests.swift */ = {isa = PBXFileReference; lastKnownFileType = sourcecode.swift; path = GameTests.swift; sourceTree = "<group>"; };
		465E09A3226778B200A7245F /* Info.plist */ = {isa = PBXFileReference; lastKnownFileType = text.plist.xml; path = Info.plist; sourceTree = "<group>"; };
		465E09AC22677A4F00A7245F /* Frame.swift */ = {isa = PBXFileReference; lastKnownFileType = sourcecode.swift; path = Frame.swift; sourceTree = "<group>"; };
		465E09AE22677A7700A7245F /* Game.swift */ = {isa = PBXFileReference; lastKnownFileType = sourcecode.swift; path = Game.swift; sourceTree = "<group>"; };
		465E09B022677C8100A7245F /* FrameTests.swift */ = {isa = PBXFileReference; lastKnownFileType = sourcecode.swift; path = FrameTests.swift; sourceTree = "<group>"; };
		465E09B222678AB200A7245F /* Scorer.swift */ = {isa = PBXFileReference; lastKnownFileType = sourcecode.swift; path = Scorer.swift; sourceTree = "<group>"; };
		465E09B4226790EB00A7245F /* ScorerTests.swift */ = {isa = PBXFileReference; lastKnownFileType = sourcecode.swift; path = ScorerTests.swift; sourceTree = "<group>"; };
		46E70EBA226E1514006A8877 /* IntegrationTests.swift */ = {isa = PBXFileReference; lastKnownFileType = sourcecode.swift; path = IntegrationTests.swift; sourceTree = "<group>"; };
		46E70EBC226E21A5006A8877 /* Math.swift */ = {isa = PBXFileReference; lastKnownFileType = sourcecode.swift; path = Math.swift; sourceTree = "<group>"; };
/* End PBXFileReference section */

/* Begin PBXFrameworksBuildPhase section */
		465E0986226778B000A7245F /* Frameworks */ = {
			isa = PBXFrameworksBuildPhase;
			buildActionMask = 2147483647;
			files = (
			);
			runOnlyForDeploymentPostprocessing = 0;
		};
		465E099A226778B200A7245F /* Frameworks */ = {
			isa = PBXFrameworksBuildPhase;
			buildActionMask = 2147483647;
			files = (
			);
			runOnlyForDeploymentPostprocessing = 0;
		};
/* End PBXFrameworksBuildPhase section */

/* Begin PBXGroup section */
		465E0980226778B000A7245F = {
			isa = PBXGroup;
			children = (
				465E098B226778B000A7245F /* Bowlingure */,
				465E09A0226778B200A7245F /* BowlingureTests */,
				465E098A226778B000A7245F /* Products */,
			);
			sourceTree = "<group>";
		};
		465E098A226778B000A7245F /* Products */ = {
			isa = PBXGroup;
			children = (
				465E0989226778B000A7245F /* Bowlingure.app */,
				465E099D226778B200A7245F /* BowlingureTests.xctest */,
			);
			name = Products;
			sourceTree = "<group>";
		};
		465E098B226778B000A7245F /* Bowlingure */ = {
			isa = PBXGroup;
			children = (
				465E098C226778B000A7245F /* AppDelegate.swift */,
				465E098E226778B000A7245F /* ViewController.swift */,
				465E09B222678AB200A7245F /* Scorer.swift */,
				465E09AC22677A4F00A7245F /* Frame.swift */,
				465E09AE22677A7700A7245F /* Game.swift */,
				46E70EBC226E21A5006A8877 /* Math.swift */,
				465E0990226778B000A7245F /* Main.storyboard */,
				465E0993226778B200A7245F /* Assets.xcassets */,
				465E0995226778B200A7245F /* LaunchScreen.storyboard */,
				465E0998226778B200A7245F /* Info.plist */,
			);
			path = Bowlingure;
			sourceTree = "<group>";
		};
		465E09A0226778B200A7245F /* BowlingureTests */ = {
			isa = PBXGroup;
			children = (
				465E09A1226778B200A7245F /* GameTests.swift */,
				465E09B022677C8100A7245F /* FrameTests.swift */,
				465E09B4226790EB00A7245F /* ScorerTests.swift */,
				46E70EBA226E1514006A8877 /* IntegrationTests.swift */,
				465E09A3226778B200A7245F /* Info.plist */,
			);
			path = BowlingureTests;
			sourceTree = "<group>";
		};
/* End PBXGroup section */

/* Begin PBXNativeTarget section */
		465E0988226778B000A7245F /* Bowlingure */ = {
			isa = PBXNativeTarget;
			buildConfigurationList = 465E09A6226778B200A7245F /* Build configuration list for PBXNativeTarget "Bowlingure" */;
			buildPhases = (
				465E0985226778B000A7245F /* Sources */,
				465E0986226778B000A7245F /* Frameworks */,
				465E0987226778B000A7245F /* Resources */,
			);
			buildRules = (
			);
			dependencies = (
			);
			name = Bowlingure;
			productName = Bowlingure;
			productReference = 465E0989226778B000A7245F /* Bowlingure.app */;
			productType = "com.apple.product-type.application";
		};
		465E099C226778B200A7245F /* BowlingureTests */ = {
			isa = PBXNativeTarget;
			buildConfigurationList = 465E09A9226778B200A7245F /* Build configuration list for PBXNativeTarget "BowlingureTests" */;
			buildPhases = (
				465E0999226778B200A7245F /* Sources */,
				465E099A226778B200A7245F /* Frameworks */,
				465E099B226778B200A7245F /* Resources */,
			);
			buildRules = (
			);
			dependencies = (
				465E099F226778B200A7245F /* PBXTargetDependency */,
			);
			name = BowlingureTests;
			productName = BowlingureTests;
			productReference = 465E099D226778B200A7245F /* BowlingureTests.xctest */;
			productType = "com.apple.product-type.bundle.unit-test";
		};
/* End PBXNativeTarget section */

/* Begin PBXProject section */
		465E0981226778B000A7245F /* Project object */ = {
			isa = PBXProject;
			attributes = {
				LastSwiftUpdateCheck = 1010;
				LastUpgradeCheck = 1010;
				ORGANIZATIONNAME = "孙翔宇";
				TargetAttributes = {
					465E0988226778B000A7245F = {
						CreatedOnToolsVersion = 10.1;
						LastSwiftMigration = 1020;
					};
					465E099C226778B200A7245F = {
						CreatedOnToolsVersion = 10.1;
						LastSwiftMigration = 1020;
						TestTargetID = 465E0988226778B000A7245F;
					};
				};
			};
			buildConfigurationList = 465E0984226778B000A7245F /* Build configuration list for PBXProject "Bowlingure" */;
			compatibilityVersion = "Xcode 9.3";
			developmentRegion = en;
			hasScannedForEncodings = 0;
			knownRegions = (
				en,
				Base,
			);
			mainGroup = 465E0980226778B000A7245F;
			productRefGroup = 465E098A226778B000A7245F /* Products */;
			projectDirPath = "";
			projectRoot = "";
			targets = (
				465E0988226778B000A7245F /* Bowlingure */,
				465E099C226778B200A7245F /* BowlingureTests */,
			);
		};
/* End PBXProject section */

/* Begin PBXResourcesBuildPhase section */
		465E0987226778B000A7245F /* Resources */ = {
			isa = PBXResourcesBuildPhase;
			buildActionMask = 2147483647;
			files = (
				465E0997226778B200A7245F /* LaunchScreen.storyboard in Resources */,
				465E0994226778B200A7245F /* Assets.xcassets in Resources */,
				465E0992226778B000A7245F /* Main.storyboard in Resources */,
			);
			runOnlyForDeploymentPostprocessing = 0;
		};
		465E099B226778B200A7245F /* Resources */ = {
			isa = PBXResourcesBuildPhase;
			buildActionMask = 2147483647;
			files = (
			);
			runOnlyForDeploymentPostprocessing = 0;
		};
/* End PBXResourcesBuildPhase section */

/* Begin PBXSourcesBuildPhase section */
		465E0985226778B000A7245F /* Sources */ = {
			isa = PBXSourcesBuildPhase;
			buildActionMask = 2147483647;
			files = (
				465E09AD22677A4F00A7245F /* Frame.swift in Sources */,
				465E098F226778B000A7245F /* ViewController.swift in Sources */,
				465E09B322678AB200A7245F /* Scorer.swift in Sources */,
				465E098D226778B000A7245F /* AppDelegate.swift in Sources */,
				465E09AF22677A7700A7245F /* Game.swift in Sources */,
				46E70EBD226E21A5006A8877 /* Math.swift in Sources */,
			);
			runOnlyForDeploymentPostprocessing = 0;
		};
		465E0999226778B200A7245F /* Sources */ = {
			isa = PBXSourcesBuildPhase;
			buildActionMask = 2147483647;
			files = (
				46E70EBB226E1514006A8877 /* IntegrationTests.swift in Sources */,
				465E09B5226790EB00A7245F /* ScorerTests.swift in Sources */,
				465E09A2226778B200A7245F /* GameTests.swift in Sources */,
				465E09B122677C8100A7245F /* FrameTests.swift in Sources */,
			);
			runOnlyForDeploymentPostprocessing = 0;
		};
/* End PBXSourcesBuildPhase section */

/* Begin PBXTargetDependency section */
		465E099F226778B200A7245F /* PBXTargetDependency */ = {
			isa = PBXTargetDependency;
			target = 465E0988226778B000A7245F /* Bowlingure */;
			targetProxy = 465E099E226778B200A7245F /* PBXContainerItemProxy */;
		};
/* End PBXTargetDependency section */

/* Begin PBXVariantGroup section */
		465E0990226778B000A7245F /* Main.storyboard */ = {
			isa = PBXVariantGroup;
			children = (
				465E0991226778B000A7245F /* Base */,
			);
			name = Main.storyboard;
			sourceTree = "<group>";
		};
		465E0995226778B200A7245F /* LaunchScreen.storyboard */ = {
			isa = PBXVariantGroup;
			children = (
				465E0996226778B200A7245F /* Base */,
			);
			name = LaunchScreen.storyboard;
			sourceTree = "<group>";
		};
/* End PBXVariantGroup section */

/* Begin XCBuildConfiguration section */
		465E09A4226778B200A7245F /* Debug */ = {
			isa = XCBuildConfiguration;
			buildSettings = {
				ALWAYS_SEARCH_USER_PATHS = NO;
				CLANG_ANALYZER_NONNULL = YES;
				CLANG_ANALYZER_NUMBER_OBJECT_CONVERSION = YES_AGGRESSIVE;
				CLANG_CXX_LANGUAGE_STANDARD = "gnu++14";
				CLANG_CXX_LIBRARY = "libc++";
				CLANG_ENABLE_MODULES = YES;
				CLANG_ENABLE_OBJC_ARC = YES;
				CLANG_ENABLE_OBJC_WEAK = YES;
				CLANG_WARN_BLOCK_CAPTURE_AUTORELEASING = YES;
				CLANG_WARN_BOOL_CONVERSION = YES;
				CLANG_WARN_COMMA = YES;
				CLANG_WARN_CONSTANT_CONVERSION = YES;
				CLANG_WARN_DEPRECATED_OBJC_IMPLEMENTATIONS = YES;
				CLANG_WARN_DIRECT_OBJC_ISA_USAGE = YES_ERROR;
				CLANG_WARN_DOCUMENTATION_COMMENTS = YES;
				CLANG_WARN_EMPTY_BODY = YES;
				CLANG_WARN_ENUM_CONVERSION = YES;
				CLANG_WARN_INFINITE_RECURSION = YES;
				CLANG_WARN_INT_CONVERSION = YES;
				CLANG_WARN_NON_LITERAL_NULL_CONVERSION = YES;
				CLANG_WARN_OBJC_IMPLICIT_RETAIN_SELF = YES;
				CLANG_WARN_OBJC_LITERAL_CONVERSION = YES;
				CLANG_WARN_OBJC_ROOT_CLASS = YES_ERROR;
				CLANG_WARN_RANGE_LOOP_ANALYSIS = YES;
				CLANG_WARN_STRICT_PROTOTYPES = YES;
				CLANG_WARN_SUSPICIOUS_MOVE = YES;
				CLANG_WARN_UNGUARDED_AVAILABILITY = YES_AGGRESSIVE;
				CLANG_WARN_UNREACHABLE_CODE = YES;
				CLANG_WARN__DUPLICATE_METHOD_MATCH = YES;
				CODE_SIGN_IDENTITY = "iPhone Developer";
				COPY_PHASE_STRIP = NO;
				DEBUG_INFORMATION_FORMAT = dwarf;
				ENABLE_STRICT_OBJC_MSGSEND = YES;
				ENABLE_TESTABILITY = YES;
				GCC_C_LANGUAGE_STANDARD = gnu11;
				GCC_DYNAMIC_NO_PIC = NO;
				GCC_NO_COMMON_BLOCKS = YES;
				GCC_OPTIMIZATION_LEVEL = 0;
				GCC_PREPROCESSOR_DEFINITIONS = (
					"DEBUG=1",
					"$(inherited)",
				);
				GCC_WARN_64_TO_32_BIT_CONVERSION = YES;
				GCC_WARN_ABOUT_RETURN_TYPE = YES_ERROR;
				GCC_WARN_UNDECLARED_SELECTOR = YES;
				GCC_WARN_UNINITIALIZED_AUTOS = YES_AGGRESSIVE;
				GCC_WARN_UNUSED_FUNCTION = YES;
				GCC_WARN_UNUSED_VARIABLE = YES;
				IPHONEOS_DEPLOYMENT_TARGET = 12.1;
				MTL_ENABLE_DEBUG_INFO = INCLUDE_SOURCE;
				MTL_FAST_MATH = YES;
				ONLY_ACTIVE_ARCH = YES;
				SDKROOT = iphoneos;
				SWIFT_ACTIVE_COMPILATION_CONDITIONS = DEBUG;
				SWIFT_OPTIMIZATION_LEVEL = "-Onone";
			};
			name = Debug;
		};
		465E09A5226778B200A7245F /* Release */ = {
			isa = XCBuildConfiguration;
			buildSettings = {
				ALWAYS_SEARCH_USER_PATHS = NO;
				CLANG_ANALYZER_NONNULL = YES;
				CLANG_ANALYZER_NUMBER_OBJECT_CONVERSION = YES_AGGRESSIVE;
				CLANG_CXX_LANGUAGE_STANDARD = "gnu++14";
				CLANG_CXX_LIBRARY = "libc++";
				CLANG_ENABLE_MODULES = YES;
				CLANG_ENABLE_OBJC_ARC = YES;
				CLANG_ENABLE_OBJC_WEAK = YES;
				CLANG_WARN_BLOCK_CAPTURE_AUTORELEASING = YES;
				CLANG_WARN_BOOL_CONVERSION = YES;
				CLANG_WARN_COMMA = YES;
				CLANG_WARN_CONSTANT_CONVERSION = YES;
				CLANG_WARN_DEPRECATED_OBJC_IMPLEMENTATIONS = YES;
				CLANG_WARN_DIRECT_OBJC_ISA_USAGE = YES_ERROR;
				CLANG_WARN_DOCUMENTATION_COMMENTS = YES;
				CLANG_WARN_EMPTY_BODY = YES;
				CLANG_WARN_ENUM_CONVERSION = YES;
				CLANG_WARN_INFINITE_RECURSION = YES;
				CLANG_WARN_INT_CONVERSION = YES;
				CLANG_WARN_NON_LITERAL_NULL_CONVERSION = YES;
				CLANG_WARN_OBJC_IMPLICIT_RETAIN_SELF = YES;
				CLANG_WARN_OBJC_LITERAL_CONVERSION = YES;
				CLANG_WARN_OBJC_ROOT_CLASS = YES_ERROR;
				CLANG_WARN_RANGE_LOOP_ANALYSIS = YES;
				CLANG_WARN_STRICT_PROTOTYPES = YES;
				CLANG_WARN_SUSPICIOUS_MOVE = YES;
				CLANG_WARN_UNGUARDED_AVAILABILITY = YES_AGGRESSIVE;
				CLANG_WARN_UNREACHABLE_CODE = YES;
				CLANG_WARN__DUPLICATE_METHOD_MATCH = YES;
				CODE_SIGN_IDENTITY = "iPhone Developer";
				COPY_PHASE_STRIP = NO;
				DEBUG_INFORMATION_FORMAT = "dwarf-with-dsym";
				ENABLE_NS_ASSERTIONS = NO;
				ENABLE_STRICT_OBJC_MSGSEND = YES;
				GCC_C_LANGUAGE_STANDARD = gnu11;
				GCC_NO_COMMON_BLOCKS = YES;
				GCC_WARN_64_TO_32_BIT_CONVERSION = YES;
				GCC_WARN_ABOUT_RETURN_TYPE = YES_ERROR;
				GCC_WARN_UNDECLARED_SELECTOR = YES;
				GCC_WARN_UNINITIALIZED_AUTOS = YES_AGGRESSIVE;
				GCC_WARN_UNUSED_FUNCTION = YES;
				GCC_WARN_UNUSED_VARIABLE = YES;
				IPHONEOS_DEPLOYMENT_TARGET = 12.1;
				MTL_ENABLE_DEBUG_INFO = NO;
				MTL_FAST_MATH = YES;
				SDKROOT = iphoneos;
				SWIFT_COMPILATION_MODE = wholemodule;
				SWIFT_OPTIMIZATION_LEVEL = "-O";
				VALIDATE_PRODUCT = YES;
			};
			name = Release;
		};
		465E09A7226778B200A7245F /* Debug */ = {
			isa = XCBuildConfiguration;
			buildSettings = {
				ASSETCATALOG_COMPILER_APPICON_NAME = AppIcon;
				CODE_SIGN_STYLE = Automatic;
				DEVELOPMENT_TEAM = 46S3S784AR;
				INFOPLIST_FILE = Bowlingure/Info.plist;
				LD_RUNPATH_SEARCH_PATHS = (
					"$(inherited)",
					"@executable_path/Frameworks",
				);
				PRODUCT_BUNDLE_IDENTIFIER = com.uriphium.Bowlingure;
				PRODUCT_NAME = "$(TARGET_NAME)";
				SWIFT_VERSION = 5.0;
				TARGETED_DEVICE_FAMILY = "1,2";
			};
			name = Debug;
		};
		465E09A8226778B200A7245F /* Release */ = {
			isa = XCBuildConfiguration;
			buildSettings = {
				ASSETCATALOG_COMPILER_APPICON_NAME = AppIcon;
				CODE_SIGN_STYLE = Automatic;
				DEVELOPMENT_TEAM = 46S3S784AR;
				INFOPLIST_FILE = Bowlingure/Info.plist;
				LD_RUNPATH_SEARCH_PATHS = (
					"$(inherited)",
					"@executable_path/Frameworks",
				);
				PRODUCT_BUNDLE_IDENTIFIER = com.uriphium.Bowlingure;
				PRODUCT_NAME = "$(TARGET_NAME)";
				SWIFT_VERSION = 5.0;
				TARGETED_DEVICE_FAMILY = "1,2";
			};
			name = Release;
		};
		465E09AA226778B200A7245F /* Debug */ = {
			isa = XCBuildConfiguration;
			buildSettings = {
				ALWAYS_EMBED_SWIFT_STANDARD_LIBRARIES = YES;
				BUNDLE_LOADER = "$(TEST_HOST)";
				CODE_SIGN_STYLE = Automatic;
				DEVELOPMENT_TEAM = 46S3S784AR;
				INFOPLIST_FILE = BowlingureTests/Info.plist;
				LD_RUNPATH_SEARCH_PATHS = (
					"$(inherited)",
					"@executable_path/Frameworks",
					"@loader_path/Frameworks",
				);
				PRODUCT_BUNDLE_IDENTIFIER = com.uriphium.BowlingureTests;
				PRODUCT_NAME = "$(TARGET_NAME)";
				SWIFT_VERSION = 5.0;
				TARGETED_DEVICE_FAMILY = "1,2";
				TEST_HOST = "$(BUILT_PRODUCTS_DIR)/Bowlingure.app/Bowlingure";
			};
			name = Debug;
		};
		465E09AB226778B200A7245F /* Release */ = {
			isa = XCBuildConfiguration;
			buildSettings = {
				ALWAYS_EMBED_SWIFT_STANDARD_LIBRARIES = YES;
				BUNDLE_LOADER = "$(TEST_HOST)";
				CODE_SIGN_STYLE = Automatic;
				DEVELOPMENT_TEAM = 46S3S784AR;
				INFOPLIST_FILE = BowlingureTests/Info.plist;
				LD_RUNPATH_SEARCH_PATHS = (
					"$(inherited)",
					"@executable_path/Frameworks",
					"@loader_path/Frameworks",
				);
				PRODUCT_BUNDLE_IDENTIFIER = com.uriphium.BowlingureTests;
				PRODUCT_NAME = "$(TARGET_NAME)";
				SWIFT_VERSION = 5.0;
				TARGETED_DEVICE_FAMILY = "1,2";
				TEST_HOST = "$(BUILT_PRODUCTS_DIR)/Bowlingure.app/Bowlingure";
			};
			name = Release;
		};
/* End XCBuildConfiguration section */

/* Begin XCConfigurationList section */
		465E0984226778B000A7245F /* Build configuration list for PBXProject "Bowlingure" */ = {
			isa = XCConfigurationList;
			buildConfigurations = (
				465E09A4226778B200A7245F /* Debug */,
				465E09A5226778B200A7245F /* Release */,
			);
			defaultConfigurationIsVisible = 0;
			defaultConfigurationName = Release;
		};
		465E09A6226778B200A7245F /* Build configuration list for PBXNativeTarget "Bowlingure" */ = {
			isa = XCConfigurationList;
			buildConfigurations = (
				465E09A7226778B200A7245F /* Debug */,
				465E09A8226778B200A7245F /* Release */,
			);
			defaultConfigurationIsVisible = 0;
			defaultConfigurationName = Release;
		};
		465E09A9226778B200A7245F /* Build configuration list for PBXNativeTarget "BowlingureTests" */ = {
			isa = XCConfigurationList;
			buildConfigurations = (
				465E09AA226778B200A7245F /* Debug */,
				465E09AB226778B200A7245F /* Release */,
			);
			defaultConfigurationIsVisible = 0;
			defaultConfigurationName = Release;
		};
/* End XCConfigurationList section */
	};
	rootObject = 465E0981226778B000A7245F /* Project object */;
}
